
Microsoft Visual Studio Solution File, Format Version 12.00
# Visual Studio Version 17
VisualStudioVersion = 17.3.32929.385
MinimumVisualStudioVersion = 10.0.40219.1
Project("{9A19103F-16F7-4668-BE54-9A1E7A4F7556}") = "ConsoleApp1", "ConsoleApp1\ConsoleApp1.csproj", "{337F2D5A-132E-40F5-B74A-F70D996B52F4}"
EndProject
Project("{9A19103F-16F7-4668-BE54-9A1E7A4F7556}") = "ALXCalculator", "ALXCalculator\ALXCalculator.csproj", "{E50E9DD5-9132-4ED7-9FEA-CF33DBF38695}"
EndProject
Project("{9A19103F-16F7-4668-BE54-9A1E7A4F7556}") = "AlxCourseHomework", "AlxCourseHomework\AlxCourseHomework.csproj", "{C7752612-475B-4107-8C4F-321606AA5407}"
EndProject
Project("{FAE04EC0-301F-11D3-BF4B-00C04F79EFBC}") = "CommonFunctionalities", "CommonFunctionalities\CommonFunctionalities.csproj", "{5B0EA8CC-4D6D-4551-B543-8CCB4C116F72}"
EndProject
Global
	GlobalSection(SolutionConfigurationPlatforms) = preSolution
		Debug|Any CPU = Debug|Any CPU
		Release|Any CPU = Release|Any CPU
	EndGlobalSection
	GlobalSection(ProjectConfigurationPlatforms) = postSolution
		{337F2D5A-132E-40F5-B74A-F70D996B52F4}.Debug|Any CPU.ActiveCfg = Debug|Any CPU
		{337F2D5A-132E-40F5-B74A-F70D996B52F4}.Debug|Any CPU.Build.0 = Debug|Any CPU
		{337F2D5A-132E-40F5-B74A-F70D996B52F4}.Release|Any CPU.ActiveCfg = Release|Any CPU
		{337F2D5A-132E-40F5-B74A-F70D996B52F4}.Release|Any CPU.Build.0 = Release|Any CPU
		{E50E9DD5-9132-4ED7-9FEA-CF33DBF38695}.Debug|Any CPU.ActiveCfg = Debug|Any CPU
		{E50E9DD5-9132-4ED7-9FEA-CF33DBF38695}.Debug|Any CPU.Build.0 = Debug|Any CPU
		{E50E9DD5-9132-4ED7-9FEA-CF33DBF38695}.Release|Any CPU.ActiveCfg = Release|Any CPU
		{E50E9DD5-9132-4ED7-9FEA-CF33DBF38695}.Release|Any CPU.Build.0 = Release|Any CPU
		{C7752612-475B-4107-8C4F-321606AA5407}.Debug|Any CPU.ActiveCfg = Debug|Any CPU
		{C7752612-475B-4107-8C4F-321606AA5407}.Debug|Any CPU.Build.0 = Debug|Any CPU
		{C7752612-475B-4107-8C4F-321606AA5407}.Release|Any CPU.ActiveCfg = Release|Any CPU
		{C7752612-475B-4107-8C4F-321606AA5407}.Release|Any CPU.Build.0 = Release|Any CPU
		{5B0EA8CC-4D6D-4551-B543-8CCB4C116F72}.Debug|Any CPU.ActiveCfg = Debug|Any CPU
		{5B0EA8CC-4D6D-4551-B543-8CCB4C116F72}.Debug|Any CPU.Build.0 = Debug|Any CPU
		{5B0EA8CC-4D6D-4551-B543-8CCB4C116F72}.Release|Any CPU.ActiveCfg = Release|Any CPU
		{5B0EA8CC-4D6D-4551-B543-8CCB4C116F72}.Release|Any CPU.Build.0 = Release|Any CPU
	EndGlobalSection
	GlobalSection(SolutionProperties) = preSolution
		HideSolutionNode = FALSE
	EndGlobalSection
	GlobalSection(ExtensibilityGlobals) = postSolution
		SolutionGuid = {654FE900-AE38-445B-9D35-66577DA49E1D}
	EndGlobalSection
EndGlobal
